
Microsoft Visual Studio Solution File, Format Version 12.00
# Visual Studio Version 16
VisualStudioVersion = 16.0.31424.327
MinimumVisualStudioVersion = 10.0.40219.1
Project("{FAE04EC0-301F-11D3-BF4B-00C04F79EFBC}") = "RazvojSoftveraZaPoslovanjeRestorana", "RazvojSoftveraZaPoslovanjeRestorana\RazvojSoftveraZaPoslovanjeRestorana.csproj", "{EE05511B-5218-49A5-BFF1-E62976168EB5}"
EndProject
Project("{FAE04EC0-301F-11D3-BF4B-00C04F79EFBC}") = "Domen", "Domen\Domen.csproj", "{171FE2C9-1DD5-4A7E-B106-3DCDC51F6CF7}"
EndProject
Project("{FAE04EC0-301F-11D3-BF4B-00C04F79EFBC}") = "Data", "Data\Data.csproj", "{482DC74B-4AAC-40CB-AD64-EE458207341A}"
EndProject
Global
	GlobalSection(SolutionConfigurationPlatforms) = preSolution
		Debug|Any CPU = Debug|Any CPU
		Release|Any CPU = Release|Any CPU
	EndGlobalSection
	GlobalSection(ProjectConfigurationPlatforms) = postSolution
		{EE05511B-5218-49A5-BFF1-E62976168EB5}.Debug|Any CPU.ActiveCfg = Debug|Any CPU
		{EE05511B-5218-49A5-BFF1-E62976168EB5}.Debug|Any CPU.Build.0 = Debug|Any CPU
		{EE05511B-5218-49A5-BFF1-E62976168EB5}.Release|Any CPU.ActiveCfg = Release|Any CPU
		{EE05511B-5218-49A5-BFF1-E62976168EB5}.Release|Any CPU.Build.0 = Release|Any CPU
		{171FE2C9-1DD5-4A7E-B106-3DCDC51F6CF7}.Debug|Any CPU.ActiveCfg = Debug|Any CPU
		{171FE2C9-1DD5-4A7E-B106-3DCDC51F6CF7}.Debug|Any CPU.Build.0 = Debug|Any CPU
		{171FE2C9-1DD5-4A7E-B106-3DCDC51F6CF7}.Release|Any CPU.ActiveCfg = Release|Any CPU
		{171FE2C9-1DD5-4A7E-B106-3DCDC51F6CF7}.Release|Any CPU.Build.0 = Release|Any CPU
		{482DC74B-4AAC-40CB-AD64-EE458207341A}.Debug|Any CPU.ActiveCfg = Debug|Any CPU
		{482DC74B-4AAC-40CB-AD64-EE458207341A}.Debug|Any CPU.Build.0 = Debug|Any CPU
		{482DC74B-4AAC-40CB-AD64-EE458207341A}.Release|Any CPU.ActiveCfg = Release|Any CPU
		{482DC74B-4AAC-40CB-AD64-EE458207341A}.Release|Any CPU.Build.0 = Release|Any CPU
	EndGlobalSection
	GlobalSection(SolutionProperties) = preSolution
		HideSolutionNode = FALSE
	EndGlobalSection
	GlobalSection(ExtensibilityGlobals) = postSolution
		SolutionGuid = {65C5E67C-1565-4426-8AC5-C94B5DC35D87}
	EndGlobalSection
EndGlobal
